// !$*UTF8*$!
{
	archiveVersion = 1;
	classes = {
	};
	objectVersion = 46;
	objects = {

/* Begin PBXBuildFile section */
		4447A4F31DA9E5DC00C5B48C /* CountryWithChinese.geojson in Resources */ = {isa = PBXBuildFile; fileRef = 4447A4F11DA9E5DC00C5B48C /* CountryWithChinese.geojson */; };
		4447A4F41DA9E5DC00C5B48C /* Directions.geojson in Resources */ = {isa = PBXBuildFile; fileRef = 4447A4F21DA9E5DC00C5B48C /* Directions.geojson */; };
		4447A4F61DA9E5E500C5B48C /* CountryCodeHelper in Resources */ = {isa = PBXBuildFile; fileRef = 4447A4F51DA9E5E500C5B48C /* CountryCodeHelper */; };
		44EE181F1D98A751000FF4EE /* AppDelegate.swift in Sources */ = {isa = PBXBuildFile; fileRef = 44EE181E1D98A751000FF4EE /* AppDelegate.swift */; };
		44EE18211D98A751000FF4EE /* ViewController.swift in Sources */ = {isa = PBXBuildFile; fileRef = 44EE18201D98A751000FF4EE /* ViewController.swift */; };
		44EE18241D98A751000FF4EE /* Main.storyboard in Resources */ = {isa = PBXBuildFile; fileRef = 44EE18221D98A751000FF4EE /* Main.storyboard */; };
		44EE18261D98A751000FF4EE /* Assets.xcassets in Resources */ = {isa = PBXBuildFile; fileRef = 44EE18251D98A751000FF4EE /* Assets.xcassets */; };
		44EE18291D98A751000FF4EE /* LaunchScreen.storyboard in Resources */ = {isa = PBXBuildFile; fileRef = 44EE18271D98A751000FF4EE /* LaunchScreen.storyboard */; };
		44EE18341D98A751000FF4EE /* generatePlistTests.swift in Sources */ = {isa = PBXBuildFile; fileRef = 44EE18331D98A751000FF4EE /* generatePlistTests.swift */; };
		44EE183F1D98A751000FF4EE /* generatePlistUITests.swift in Sources */ = {isa = PBXBuildFile; fileRef = 44EE183E1D98A751000FF4EE /* generatePlistUITests.swift */; };
		44EE18511D98B525000FF4EE /* CountryCode.plist in Resources */ = {isa = PBXBuildFile; fileRef = 44EE18501D98B525000FF4EE /* CountryCode.plist */; };
/* End PBXBuildFile section */

/* Begin PBXContainerItemProxy section */
		44EE18301D98A751000FF4EE /* PBXContainerItemProxy */ = {
			isa = PBXContainerItemProxy;
			containerPortal = 44EE18131D98A751000FF4EE /* Project object */;
			proxyType = 1;
			remoteGlobalIDString = 44EE181A1D98A751000FF4EE;
			remoteInfo = generatePlist;
		};
		44EE183B1D98A751000FF4EE /* PBXContainerItemProxy */ = {
			isa = PBXContainerItemProxy;
			containerPortal = 44EE18131D98A751000FF4EE /* Project object */;
			proxyType = 1;
			remoteGlobalIDString = 44EE181A1D98A751000FF4EE;
			remoteInfo = generatePlist;
		};
/* End PBXContainerItemProxy section */

/* Begin PBXFileReference section */
		4447A4F11DA9E5DC00C5B48C /* CountryWithChinese.geojson */ = {isa = PBXFileReference; fileEncoding = 4; lastKnownFileType = text; path = CountryWithChinese.geojson; sourceTree = "<group>"; };
		4447A4F21DA9E5DC00C5B48C /* Directions.geojson */ = {isa = PBXFileReference; fileEncoding = 4; lastKnownFileType = text; path = Directions.geojson; sourceTree = "<group>"; };
		4447A4F51DA9E5E500C5B48C /* CountryCodeHelper */ = {isa = PBXFileReference; fileEncoding = 4; lastKnownFileType = text; path = CountryCodeHelper; sourceTree = "<group>"; };
		4447A4F71DA9E5E500C5B48C /* CC.geojson */ = {isa = PBXFileReference; lastKnownFileType = text; path = CC.geojson; sourceTree = "<group>"; };
		44EE181B1D98A751000FF4EE /* generatePlist.app */ = {isa = PBXFileReference; explicitFileType = wrapper.application; includeInIndex = 0; path = generatePlist.app; sourceTree = BUILT_PRODUCTS_DIR; };
		44EE181E1D98A751000FF4EE /* AppDelegate.swift */ = {isa = PBXFileReference; lastKnownFileType = sourcecode.swift; path = AppDelegate.swift; sourceTree = "<group>"; };
		44EE18201D98A751000FF4EE /* ViewController.swift */ = {isa = PBXFileReference; lastKnownFileType = sourcecode.swift; path = ViewController.swift; sourceTree = "<group>"; };
		44EE18231D98A751000FF4EE /* Base */ = {isa = PBXFileReference; lastKnownFileType = file.storyboard; name = Base; path = Base.lproj/Main.storyboard; sourceTree = "<group>"; };
		44EE18251D98A751000FF4EE /* Assets.xcassets */ = {isa = PBXFileReference; lastKnownFileType = folder.assetcatalog; path = Assets.xcassets; sourceTree = "<group>"; };
		44EE18281D98A751000FF4EE /* Base */ = {isa = PBXFileReference; lastKnownFileType = file.storyboard; name = Base; path = Base.lproj/LaunchScreen.storyboard; sourceTree = "<group>"; };
		44EE182A1D98A751000FF4EE /* Info.plist */ = {isa = PBXFileReference; lastKnownFileType = text.plist.xml; path = Info.plist; sourceTree = "<group>"; };
		44EE182F1D98A751000FF4EE /* generatePlistTests.xctest */ = {isa = PBXFileReference; explicitFileType = wrapper.cfbundle; includeInIndex = 0; path = generatePlistTests.xctest; sourceTree = BUILT_PRODUCTS_DIR; };
		44EE18331D98A751000FF4EE /* generatePlistTests.swift */ = {isa = PBXFileReference; lastKnownFileType = sourcecode.swift; path = generatePlistTests.swift; sourceTree = "<group>"; };
		44EE18351D98A751000FF4EE /* Info.plist */ = {isa = PBXFileReference; lastKnownFileType = text.plist.xml; path = Info.plist; sourceTree = "<group>"; };
		44EE183A1D98A751000FF4EE /* generatePlistUITests.xctest */ = {isa = PBXFileReference; explicitFileType = wrapper.cfbundle; includeInIndex = 0; path = generatePlistUITests.xctest; sourceTree = BUILT_PRODUCTS_DIR; };
		44EE183E1D98A751000FF4EE /* generatePlistUITests.swift */ = {isa = PBXFileReference; lastKnownFileType = sourcecode.swift; path = generatePlistUITests.swift; sourceTree = "<group>"; };
		44EE18401D98A751000FF4EE /* Info.plist */ = {isa = PBXFileReference; lastKnownFileType = text.plist.xml; path = Info.plist; sourceTree = "<group>"; };
		44EE18501D98B525000FF4EE /* CountryCode.plist */ = {isa = PBXFileReference; fileEncoding = 4; lastKnownFileType = text.plist.xml; path = CountryCode.plist; sourceTree = "<group>"; };
/* End PBXFileReference section */

/* Begin PBXFrameworksBuildPhase section */
		44EE18181D98A751000FF4EE /* Frameworks */ = {
			isa = PBXFrameworksBuildPhase;
			buildActionMask = 2147483647;
			files = (
			);
			runOnlyForDeploymentPostprocessing = 0;
		};
		44EE182C1D98A751000FF4EE /* Frameworks */ = {
			isa = PBXFrameworksBuildPhase;
			buildActionMask = 2147483647;
			files = (
			);
			runOnlyForDeploymentPostprocessing = 0;
		};
		44EE18371D98A751000FF4EE /* Frameworks */ = {
			isa = PBXFrameworksBuildPhase;
			buildActionMask = 2147483647;
			files = (
			);
			runOnlyForDeploymentPostprocessing = 0;
		};
/* End PBXFrameworksBuildPhase section */

/* Begin PBXGroup section */
		44EE18121D98A751000FF4EE = {
			isa = PBXGroup;
			children = (
				44EE181D1D98A751000FF4EE /* generatePlist */,
				44EE18321D98A751000FF4EE /* generatePlistTests */,
				44EE183D1D98A751000FF4EE /* generatePlistUITests */,
				44EE181C1D98A751000FF4EE /* Products */,
			);
			sourceTree = "<group>";
		};
		44EE181C1D98A751000FF4EE /* Products */ = {
			isa = PBXGroup;
			children = (
				44EE181B1D98A751000FF4EE /* generatePlist.app */,
				44EE182F1D98A751000FF4EE /* generatePlistTests.xctest */,
				44EE183A1D98A751000FF4EE /* generatePlistUITests.xctest */,
			);
			name = Products;
			sourceTree = "<group>";
		};
		44EE181D1D98A751000FF4EE /* generatePlist */ = {
			isa = PBXGroup;
			children = (
				44EE181E1D98A751000FF4EE /* AppDelegate.swift */,
				44EE18201D98A751000FF4EE /* ViewController.swift */,
				44EE18221D98A751000FF4EE /* Main.storyboard */,
				44EE18251D98A751000FF4EE /* Assets.xcassets */,
				44EE18271D98A751000FF4EE /* LaunchScreen.storyboard */,
				44EE182A1D98A751000FF4EE /* Info.plist */,
				44EE18501D98B525000FF4EE /* CountryCode.plist */,
				4447A4F51DA9E5E500C5B48C /* CountryCodeHelper */,
				4447A4F11DA9E5DC00C5B48C /* CountryWithChinese.geojson */,
				4447A4F21DA9E5DC00C5B48C /* Directions.geojson */,
				4447A4F71DA9E5E500C5B48C /* CC.geojson */,
			);
			path = generatePlist;
			sourceTree = "<group>";
		};
		44EE18321D98A751000FF4EE /* generatePlistTests */ = {
			isa = PBXGroup;
			children = (
				44EE18331D98A751000FF4EE /* generatePlistTests.swift */,
				44EE18351D98A751000FF4EE /* Info.plist */,
			);
			path = generatePlistTests;
			sourceTree = "<group>";
		};
		44EE183D1D98A751000FF4EE /* generatePlistUITests */ = {
			isa = PBXGroup;
			children = (
				44EE183E1D98A751000FF4EE /* generatePlistUITests.swift */,
				44EE18401D98A751000FF4EE /* Info.plist */,
			);
			path = generatePlistUITests;
			sourceTree = "<group>";
		};
/* End PBXGroup section */

/* Begin PBXNativeTarget section */
		44EE181A1D98A751000FF4EE /* generatePlist */ = {
			isa = PBXNativeTarget;
			buildConfigurationList = 44EE18431D98A751000FF4EE /* Build configuration list for PBXNativeTarget "generatePlist" */;
			buildPhases = (
				44EE18171D98A751000FF4EE /* Sources */,
				44EE18181D98A751000FF4EE /* Frameworks */,
				44EE18191D98A751000FF4EE /* Resources */,
			);
			buildRules = (
			);
			dependencies = (
			);
			name = generatePlist;
			productName = generatePlist;
			productReference = 44EE181B1D98A751000FF4EE /* generatePlist.app */;
			productType = "com.apple.product-type.application";
		};
		44EE182E1D98A751000FF4EE /* generatePlistTests */ = {
			isa = PBXNativeTarget;
			buildConfigurationList = 44EE18461D98A751000FF4EE /* Build configuration list for PBXNativeTarget "generatePlistTests" */;
			buildPhases = (
				44EE182B1D98A751000FF4EE /* Sources */,
				44EE182C1D98A751000FF4EE /* Frameworks */,
				44EE182D1D98A751000FF4EE /* Resources */,
			);
			buildRules = (
			);
			dependencies = (
				44EE18311D98A751000FF4EE /* PBXTargetDependency */,
			);
			name = generatePlistTests;
			productName = generatePlistTests;
			productReference = 44EE182F1D98A751000FF4EE /* generatePlistTests.xctest */;
			productType = "com.apple.product-type.bundle.unit-test";
		};
		44EE18391D98A751000FF4EE /* generatePlistUITests */ = {
			isa = PBXNativeTarget;
			buildConfigurationList = 44EE18491D98A751000FF4EE /* Build configuration list for PBXNativeTarget "generatePlistUITests" */;
			buildPhases = (
				44EE18361D98A751000FF4EE /* Sources */,
				44EE18371D98A751000FF4EE /* Frameworks */,
				44EE18381D98A751000FF4EE /* Resources */,
			);
			buildRules = (
			);
			dependencies = (
				44EE183C1D98A751000FF4EE /* PBXTargetDependency */,
			);
			name = generatePlistUITests;
			productName = generatePlistUITests;
			productReference = 44EE183A1D98A751000FF4EE /* generatePlistUITests.xctest */;
			productType = "com.apple.product-type.bundle.ui-testing";
		};
/* End PBXNativeTarget section */

/* Begin PBXProject section */
		44EE18131D98A751000FF4EE /* Project object */ = {
			isa = PBXProject;
			attributes = {
				LastSwiftUpdateCheck = 0730;
				LastUpgradeCheck = 0730;
				ORGANIZATIONNAME = User;
				TargetAttributes = {
					44EE181A1D98A751000FF4EE = {
						CreatedOnToolsVersion = 7.3.1;
						DevelopmentTeam = L9294YK664;
					};
					44EE182E1D98A751000FF4EE = {
						CreatedOnToolsVersion = 7.3.1;
						DevelopmentTeam = L9294YK664;
						TestTargetID = 44EE181A1D98A751000FF4EE;
					};
					44EE18391D98A751000FF4EE = {
						CreatedOnToolsVersion = 7.3.1;
						DevelopmentTeam = L9294YK664;
						TestTargetID = 44EE181A1D98A751000FF4EE;
					};
				};
			};
			buildConfigurationList = 44EE18161D98A751000FF4EE /* Build configuration list for PBXProject "generatePlist" */;
			compatibilityVersion = "Xcode 3.2";
			developmentRegion = English;
			hasScannedForEncodings = 0;
			knownRegions = (
				en,
				Base,
			);
			mainGroup = 44EE18121D98A751000FF4EE;
			productRefGroup = 44EE181C1D98A751000FF4EE /* Products */;
			projectDirPath = "";
			projectRoot = "";
			targets = (
				44EE181A1D98A751000FF4EE /* generatePlist */,
				44EE182E1D98A751000FF4EE /* generatePlistTests */,
				44EE18391D98A751000FF4EE /* generatePlistUITests */,
			);
		};
/* End PBXProject section */

/* Begin PBXResourcesBuildPhase section */
		44EE18191D98A751000FF4EE /* Resources */ = {
			isa = PBXResourcesBuildPhase;
			buildActionMask = 2147483647;
			files = (
				4447A4F31DA9E5DC00C5B48C /* CountryWithChinese.geojson in Resources */,
				44EE18291D98A751000FF4EE /* LaunchScreen.storyboard in Resources */,
				4447A4F61DA9E5E500C5B48C /* CountryCodeHelper in Resources */,
				44EE18511D98B525000FF4EE /* CountryCode.plist in Resources */,
				44EE18261D98A751000FF4EE /* Assets.xcassets in Resources */,
				44EE18241D98A751000FF4EE /* Main.storyboard in Resources */,
				4447A4F41DA9E5DC00C5B48C /* Directions.geojson in Resources */,
			);
			runOnlyForDeploymentPostprocessing = 0;
		};
		44EE182D1D98A751000FF4EE /* Resources */ = {
			isa = PBXResourcesBuildPhase;
			buildActionMask = 2147483647;
			files = (
			);
			runOnlyForDeploymentPostprocessing = 0;
		};
		44EE18381D98A751000FF4EE /* Resources */ = {
			isa = PBXResourcesBuildPhase;
			buildActionMask = 2147483647;
			files = (
			);
			runOnlyForDeploymentPostprocessing = 0;
		};
/* End PBXResourcesBuildPhase section */

/* Begin PBXSourcesBuildPhase section */
		44EE18171D98A751000FF4EE /* Sources */ = {
			isa = PBXSourcesBuildPhase;
			buildActionMask = 2147483647;
			files = (
				44EE18211D98A751000FF4EE /* ViewController.swift in Sources */,
				44EE181F1D98A751000FF4EE /* AppDelegate.swift in Sources */,
			);
			runOnlyForDeploymentPostprocessing = 0;
		};
		44EE182B1D98A751000FF4EE /* Sources */ = {
			isa = PBXSourcesBuildPhase;
			buildActionMask = 2147483647;
			files = (
				44EE18341D98A751000FF4EE /* generatePlistTests.swift in Sources */,
			);
			runOnlyForDeploymentPostprocessing = 0;
		};
		44EE18361D98A751000FF4EE /* Sources */ = {
			isa = PBXSourcesBuildPhase;
			buildActionMask = 2147483647;
			files = (
				44EE183F1D98A751000FF4EE /* generatePlistUITests.swift in Sources */,
			);
			runOnlyForDeploymentPostprocessing = 0;
		};
/* End PBXSourcesBuildPhase section */

/* Begin PBXTargetDependency section */
		44EE18311D98A751000FF4EE /* PBXTargetDependency */ = {
			isa = PBXTargetDependency;
			target = 44EE181A1D98A751000FF4EE /* generatePlist */;
			targetProxy = 44EE18301D98A751000FF4EE /* PBXContainerItemProxy */;
		};
		44EE183C1D98A751000FF4EE /* PBXTargetDependency */ = {
			isa = PBXTargetDependency;
			target = 44EE181A1D98A751000FF4EE /* generatePlist */;
			targetProxy = 44EE183B1D98A751000FF4EE /* PBXContainerItemProxy */;
		};
/* End PBXTargetDependency section */

/* Begin PBXVariantGroup section */
		44EE18221D98A751000FF4EE /* Main.storyboard */ = {
			isa = PBXVariantGroup;
			children = (
				44EE18231D98A751000FF4EE /* Base */,
			);
			name = Main.storyboard;
			sourceTree = "<group>";
		};
		44EE18271D98A751000FF4EE /* LaunchScreen.storyboard */ = {
			isa = PBXVariantGroup;
			children = (
				44EE18281D98A751000FF4EE /* Base */,
			);
			name = LaunchScreen.storyboard;
			sourceTree = "<group>";
		};
/* End PBXVariantGroup section */

/* Begin XCBuildConfiguration section */
		44EE18411D98A751000FF4EE /* Debug */ = {
			isa = XCBuildConfiguration;
			buildSettings = {
				ALWAYS_SEARCH_USER_PATHS = NO;
				CLANG_ANALYZER_NONNULL = YES;
				CLANG_CXX_LANGUAGE_STANDARD = "gnu++0x";
				CLANG_CXX_LIBRARY = "libc++";
				CLANG_ENABLE_MODULES = YES;
				CLANG_ENABLE_OBJC_ARC = YES;
				CLANG_WARN_BOOL_CONVERSION = YES;
				CLANG_WARN_CONSTANT_CONVERSION = YES;
				CLANG_WARN_DIRECT_OBJC_ISA_USAGE = YES_ERROR;
				CLANG_WARN_EMPTY_BODY = YES;
				CLANG_WARN_ENUM_CONVERSION = YES;
				CLANG_WARN_INT_CONVERSION = YES;
				CLANG_WARN_OBJC_ROOT_CLASS = YES_ERROR;
				CLANG_WARN_UNREACHABLE_CODE = YES;
				CLANG_WARN__DUPLICATE_METHOD_MATCH = YES;
				"CODE_SIGN_IDENTITY[sdk=iphoneos*]" = "iPhone Developer";
				COPY_PHASE_STRIP = NO;
				DEBUG_INFORMATION_FORMAT = dwarf;
				ENABLE_STRICT_OBJC_MSGSEND = YES;
				ENABLE_TESTABILITY = YES;
				GCC_C_LANGUAGE_STANDARD = gnu99;
				GCC_DYNAMIC_NO_PIC = NO;
				GCC_NO_COMMON_BLOCKS = YES;
				GCC_OPTIMIZATION_LEVEL = 0;
				GCC_PREPROCESSOR_DEFINITIONS = (
					"DEBUG=1",
					"$(inherited)",
				);
				GCC_WARN_64_TO_32_BIT_CONVERSION = YES;
				GCC_WARN_ABOUT_RETURN_TYPE = YES_ERROR;
				GCC_WARN_UNDECLARED_SELECTOR = YES;
				GCC_WARN_UNINITIALIZED_AUTOS = YES_AGGRESSIVE;
				GCC_WARN_UNUSED_FUNCTION = YES;
				GCC_WARN_UNUSED_VARIABLE = YES;
				IPHONEOS_DEPLOYMENT_TARGET = 9.3;
				MTL_ENABLE_DEBUG_INFO = YES;
				ONLY_ACTIVE_ARCH = YES;
				SDKROOT = iphoneos;
				SWIFT_OPTIMIZATION_LEVEL = "-Onone";
				TARGETED_DEVICE_FAMILY = "1,2";
			};
			name = Debug;
		};
		44EE18421D98A751000FF4EE /* Release */ = {
			isa = XCBuildConfiguration;
			buildSettings = {
				ALWAYS_SEARCH_USER_PATHS = NO;
				CLANG_ANALYZER_NONNULL = YES;
				CLANG_CXX_LANGUAGE_STANDARD = "gnu++0x";
				CLANG_CXX_LIBRARY = "libc++";
				CLANG_ENABLE_MODULES = YES;
				CLANG_ENABLE_OBJC_ARC = YES;
				CLANG_WARN_BOOL_CONVERSION = YES;
				CLANG_WARN_CONSTANT_CONVERSION = YES;
				CLANG_WARN_DIRECT_OBJC_ISA_USAGE = YES_ERROR;
				CLANG_WARN_EMPTY_BODY = YES;
				CLANG_WARN_ENUM_CONVERSION = YES;
				CLANG_WARN_INT_CONVERSION = YES;
				CLANG_WARN_OBJC_ROOT_CLASS = YES_ERROR;
				CLANG_WARN_UNREACHABLE_CODE = YES;
				CLANG_WARN__DUPLICATE_METHOD_MATCH = YES;
				"CODE_SIGN_IDENTITY[sdk=iphoneos*]" = "iPhone Developer";
				COPY_PHASE_STRIP = NO;
				DEBUG_INFORMATION_FORMAT = "dwarf-with-dsym";
				ENABLE_NS_ASSERTIONS = NO;
				ENABLE_STRICT_OBJC_MSGSEND = YES;
				GCC_C_LANGUAGE_STANDARD = gnu99;
				GCC_NO_COMMON_BLOCKS = YES;
				GCC_WARN_64_TO_32_BIT_CONVERSION = YES;
				GCC_WARN_ABOUT_RETURN_TYPE = YES_ERROR;
				GCC_WARN_UNDECLARED_SELECTOR = YES;
				GCC_WARN_UNINITIALIZED_AUTOS = YES_AGGRESSIVE;
				GCC_WARN_UNUSED_FUNCTION = YES;
				GCC_WARN_UNUSED_VARIABLE = YES;
				IPHONEOS_DEPLOYMENT_TARGET = 9.3;
				MTL_ENABLE_DEBUG_INFO = NO;
				SDKROOT = iphoneos;
				TARGETED_DEVICE_FAMILY = "1,2";
				VALIDATE_PRODUCT = YES;
			};
			name = Release;
		};
		44EE18441D98A751000FF4EE /* Debug */ = {
			isa = XCBuildConfiguration;
			buildSettings = {
				ASSETCATALOG_COMPILER_APPICON_NAME = AppIcon;
				INFOPLIST_FILE = generatePlist/Info.plist;
				LD_RUNPATH_SEARCH_PATHS = "$(inherited) @executable_path/Frameworks";
				PRODUCT_BUNDLE_IDENTIFIER = com.1.1.generatePlist;
				PRODUCT_NAME = "$(TARGET_NAME)";
			};
			name = Debug;
		};
		44EE18451D98A751000FF4EE /* Release */ = {
			isa = XCBuildConfiguration;
			buildSettings = {
				ASSETCATALOG_COMPILER_APPICON_NAME = AppIcon;
				INFOPLIST_FILE = generatePlist/Info.plist;
				LD_RUNPATH_SEARCH_PATHS = "$(inherited) @executable_path/Frameworks";
				PRODUCT_BUNDLE_IDENTIFIER = com.1.1.generatePlist;
				PRODUCT_NAME = "$(TARGET_NAME)";
			};
			name = Release;
		};
		44EE18471D98A751000FF4EE /* Debug */ = {
			isa = XCBuildConfiguration;
			buildSettings = {
				BUNDLE_LOADER = "$(TEST_HOST)";
				INFOPLIST_FILE = generatePlistTests/Info.plist;
				LD_RUNPATH_SEARCH_PATHS = "$(inherited) @executable_path/Frameworks @loader_path/Frameworks";
				PRODUCT_BUNDLE_IDENTIFIER = com.1.1.generatePlistTests;
				PRODUCT_NAME = "$(TARGET_NAME)";
				TEST_HOST = "$(BUILT_PRODUCTS_DIR)/generatePlist.app/generatePlist";
			};
			name = Debug;
		};
		44EE18481D98A751000FF4EE /* Release */ = {
			isa = XCBuildConfiguration;
			buildSettings = {
				BUNDLE_LOADER = "$(TEST_HOST)";
				INFOPLIST_FILE = generatePlistTests/Info.plist;
				LD_RUNPATH_SEARCH_PATHS = "$(inherited) @executable_path/Frameworks @loader_path/Frameworks";
				PRODUCT_BUNDLE_IDENTIFIER = com.1.1.generatePlistTests;
				PRODUCT_NAME = "$(TARGET_NAME)";
				TEST_HOST = "$(BUILT_PRODUCTS_DIR)/generatePlist.app/generatePlist";
			};
			name = Release;
		};
		44EE184A1D98A751000FF4EE /* Debug */ = {
			isa = XCBuildConfiguration;
			buildSettings = {
				INFOPLIST_FILE = generatePlistUITests/Info.plist;
				LD_RUNPATH_SEARCH_PATHS = "$(inherited) @executable_path/Frameworks @loader_path/Frameworks";
				PRODUCT_BUNDLE_IDENTIFIER = com.1.1.generatePlistUITests;
				PRODUCT_NAME = "$(TARGET_NAME)";
				TEST_TARGET_NAME = generatePlist;
			};
			name = Debug;
		};
		44EE184B1D98A751000FF4EE /* Release */ = {
			isa = XCBuildConfiguration;
			buildSettings = {
				INFOPLIST_FILE = generatePlistUITests/Info.plist;
				LD_RUNPATH_SEARCH_PATHS = "$(inherited) @executable_path/Frameworks @loader_path/Frameworks";
				PRODUCT_BUNDLE_IDENTIFIER = com.1.1.generatePlistUITests;
				PRODUCT_NAME = "$(TARGET_NAME)";
				TEST_TARGET_NAME = generatePlist;
			};
			name = Release;
		};
/* End XCBuildConfiguration section */

/* Begin XCConfigurationList section */
		44EE18161D98A751000FF4EE /* Build configuration list for PBXProject "generatePlist" */ = {
			isa = XCConfigurationList;
			buildConfigurations = (
				44EE18411D98A751000FF4EE /* Debug */,
				44EE18421D98A751000FF4EE /* Release */,
			);
			defaultConfigurationIsVisible = 0;
			defaultConfigurationName = Release;
		};
		44EE18431D98A751000FF4EE /* Build configuration list for PBXNativeTarget "generatePlist" */ = {
			isa = XCConfigurationList;
			buildConfigurations = (
				44EE18441D98A751000FF4EE /* Debug */,
				44EE18451D98A751000FF4EE /* Release */,
			);
			defaultConfigurationIsVisible = 0;
			defaultConfigurationName = Release;
		};
		44EE18461D98A751000FF4EE /* Build configuration list for PBXNativeTarget "generatePlistTests" */ = {
			isa = XCConfigurationList;
			buildConfigurations = (
				44EE18471D98A751000FF4EE /* Debug */,
				44EE18481D98A751000FF4EE /* Release */,
			);
			defaultConfigurationIsVisible = 0;
			defaultConfigurationName = Release;
		};
		44EE18491D98A751000FF4EE /* Build configuration list for PBXNativeTarget "generatePlistUITests" */ = {
			isa = XCConfigurationList;
			buildConfigurations = (
				44EE184A1D98A751000FF4EE /* Debug */,
				44EE184B1D98A751000FF4EE /* Release */,
			);
			defaultConfigurationIsVisible = 0;
			defaultConfigurationName = Release;
		};
/* End XCConfigurationList section */
	};
	rootObject = 44EE18131D98A751000FF4EE /* Project object */;
}
